// !$*UTF8*$!
{
	archiveVersion = 1;
	classes = {
	};
	objectVersion = 46;
	objects = {

/* Begin PBXBuildFile section */
		4290A893728CEA8460356124 /* Pods_Hashlearn_IOS.framework in Frameworks */ = {isa = PBXBuildFile; fileRef = ABE4E11973A6F292AE38CCAC /* Pods_Hashlearn_IOS.framework */; };
		6B3274281CF45A6B000A926F /* IntroVC.swift in Sources */ = {isa = PBXBuildFile; fileRef = 6B3274271CF45A6B000A926F /* IntroVC.swift */; };
		6BBD4AD71CF44C6E007FAA52 /* AppDelegate.swift in Sources */ = {isa = PBXBuildFile; fileRef = 6BBD4AD61CF44C6E007FAA52 /* AppDelegate.swift */; };
		6BBD4AD91CF44C6E007FAA52 /* ViewController.swift in Sources */ = {isa = PBXBuildFile; fileRef = 6BBD4AD81CF44C6E007FAA52 /* ViewController.swift */; };
		6BBD4ADC1CF44C6E007FAA52 /* Main.storyboard in Resources */ = {isa = PBXBuildFile; fileRef = 6BBD4ADA1CF44C6E007FAA52 /* Main.storyboard */; };
		6BBD4ADE1CF44C6E007FAA52 /* Assets.xcassets in Resources */ = {isa = PBXBuildFile; fileRef = 6BBD4ADD1CF44C6E007FAA52 /* Assets.xcassets */; };
		6BBD4AE11CF44C6E007FAA52 /* LaunchScreen.storyboard in Resources */ = {isa = PBXBuildFile; fileRef = 6BBD4ADF1CF44C6E007FAA52 /* LaunchScreen.storyboard */; };
/* End PBXBuildFile section */

/* Begin PBXFileReference section */
		09074944976790200AB75C7A /* Pods-Hashlearn IOS.release.xcconfig */ = {isa = PBXFileReference; includeInIndex = 1; lastKnownFileType = text.xcconfig; name = "Pods-Hashlearn IOS.release.xcconfig"; path = "Pods/Target Support Files/Pods-Hashlearn IOS/Pods-Hashlearn IOS.release.xcconfig"; sourceTree = "<group>"; };
		6B3274271CF45A6B000A926F /* IntroVC.swift */ = {isa = PBXFileReference; fileEncoding = 4; lastKnownFileType = sourcecode.swift; path = IntroVC.swift; sourceTree = "<group>"; };
		6BBD4AD31CF44C6E007FAA52 /* Hashlearn IOS.app */ = {isa = PBXFileReference; explicitFileType = wrapper.application; includeInIndex = 0; path = "Hashlearn IOS.app"; sourceTree = BUILT_PRODUCTS_DIR; };
		6BBD4AD61CF44C6E007FAA52 /* AppDelegate.swift */ = {isa = PBXFileReference; lastKnownFileType = sourcecode.swift; path = AppDelegate.swift; sourceTree = "<group>"; };
		6BBD4AD81CF44C6E007FAA52 /* ViewController.swift */ = {isa = PBXFileReference; lastKnownFileType = sourcecode.swift; path = ViewController.swift; sourceTree = "<group>"; };
		6BBD4ADB1CF44C6E007FAA52 /* Base */ = {isa = PBXFileReference; lastKnownFileType = file.storyboard; name = Base; path = Base.lproj/Main.storyboard; sourceTree = "<group>"; };
		6BBD4ADD1CF44C6E007FAA52 /* Assets.xcassets */ = {isa = PBXFileReference; lastKnownFileType = folder.assetcatalog; path = Assets.xcassets; sourceTree = "<group>"; };
		6BBD4AE01CF44C6E007FAA52 /* Base */ = {isa = PBXFileReference; lastKnownFileType = file.storyboard; name = Base; path = Base.lproj/LaunchScreen.storyboard; sourceTree = "<group>"; };
		6BBD4AE21CF44C6E007FAA52 /* Info.plist */ = {isa = PBXFileReference; lastKnownFileType = text.plist.xml; path = Info.plist; sourceTree = "<group>"; };
		8CFDC6D3DC37B01318604E27 /* Pods-Hashlearn IOS.debug.xcconfig */ = {isa = PBXFileReference; includeInIndex = 1; lastKnownFileType = text.xcconfig; name = "Pods-Hashlearn IOS.debug.xcconfig"; path = "Pods/Target Support Files/Pods-Hashlearn IOS/Pods-Hashlearn IOS.debug.xcconfig"; sourceTree = "<group>"; };
		ABE4E11973A6F292AE38CCAC /* Pods_Hashlearn_IOS.framework */ = {isa = PBXFileReference; explicitFileType = wrapper.framework; includeInIndex = 0; path = Pods_Hashlearn_IOS.framework; sourceTree = BUILT_PRODUCTS_DIR; };
/* End PBXFileReference section */

/* Begin PBXFrameworksBuildPhase section */
		6BBD4AD01CF44C6E007FAA52 /* Frameworks */ = {
			isa = PBXFrameworksBuildPhase;
			buildActionMask = 2147483647;
			files = (
				4290A893728CEA8460356124 /* Pods_Hashlearn_IOS.framework in Frameworks */,
			);
			runOnlyForDeploymentPostprocessing = 0;
		};
/* End PBXFrameworksBuildPhase section */

/* Begin PBXGroup section */
		125AE0C972B16E0CEE9D5D5D /* Frameworks */ = {
			isa = PBXGroup;
			children = (
				ABE4E11973A6F292AE38CCAC /* Pods_Hashlearn_IOS.framework */,
			);
			name = Frameworks;
			sourceTree = "<group>";
		};
		681BD9EDC9B2A5526DCE3DAB /* Pods */ = {
			isa = PBXGroup;
			children = (
				8CFDC6D3DC37B01318604E27 /* Pods-Hashlearn IOS.debug.xcconfig */,
				09074944976790200AB75C7A /* Pods-Hashlearn IOS.release.xcconfig */,
			);
			name = Pods;
			sourceTree = "<group>";
		};
		6BBD4ACA1CF44C6E007FAA52 = {
			isa = PBXGroup;
			children = (
				6BBD4AD51CF44C6E007FAA52 /* Hashlearn IOS */,
				6BBD4AD41CF44C6E007FAA52 /* Products */,
				681BD9EDC9B2A5526DCE3DAB /* Pods */,
				125AE0C972B16E0CEE9D5D5D /* Frameworks */,
			);
			sourceTree = "<group>";
		};
		6BBD4AD41CF44C6E007FAA52 /* Products */ = {
			isa = PBXGroup;
			children = (
				6BBD4AD31CF44C6E007FAA52 /* Hashlearn IOS.app */,
			);
			name = Products;
			sourceTree = "<group>";
		};
		6BBD4AD51CF44C6E007FAA52 /* Hashlearn IOS */ = {
			isa = PBXGroup;
			children = (
				6BBD4AEA1CF44F79007FAA52 /* Controllers */,
				6BBD4AE91CF44F73007FAA52 /* Views */,
				6BBD4AE81CF44F69007FAA52 /* Models */,
				6BBD4AD61CF44C6E007FAA52 /* AppDelegate.swift */,
				6BBD4AD81CF44C6E007FAA52 /* ViewController.swift */,
				6BBD4ADA1CF44C6E007FAA52 /* Main.storyboard */,
				6BBD4ADD1CF44C6E007FAA52 /* Assets.xcassets */,
				6BBD4ADF1CF44C6E007FAA52 /* LaunchScreen.storyboard */,
				6BBD4AE21CF44C6E007FAA52 /* Info.plist */,
			);
			path = "Hashlearn IOS";
			sourceTree = "<group>";
		};
		6BBD4AE81CF44F69007FAA52 /* Models */ = {
			isa = PBXGroup;
			children = (
			);
			name = Models;
			sourceTree = "<group>";
		};
		6BBD4AE91CF44F73007FAA52 /* Views */ = {
			isa = PBXGroup;
			children = (
			);
			name = Views;
			sourceTree = "<group>";
		};
		6BBD4AEA1CF44F79007FAA52 /* Controllers */ = {
			isa = PBXGroup;
			children = (
				6B3274271CF45A6B000A926F /* IntroVC.swift */,
			);
			name = Controllers;
			sourceTree = "<group>";
		};
/* End PBXGroup section */

/* Begin PBXNativeTarget section */
		6BBD4AD21CF44C6E007FAA52 /* Hashlearn IOS */ = {
			isa = PBXNativeTarget;
			buildConfigurationList = 6BBD4AE51CF44C6E007FAA52 /* Build configuration list for PBXNativeTarget "Hashlearn IOS" */;
			buildPhases = (
				36E8332740D5DFB0BAB1099E /* 📦 Check Pods Manifest.lock */,
				6BBD4ACF1CF44C6E007FAA52 /* Sources */,
				6BBD4AD01CF44C6E007FAA52 /* Frameworks */,
				6BBD4AD11CF44C6E007FAA52 /* Resources */,
				4DF28684DEC19FB6ACF548C2 /* 📦 Embed Pods Frameworks */,
				50EC97B0078E1A96A92D4474 /* 📦 Copy Pods Resources */,
			);
			buildRules = (
			);
			dependencies = (
			);
			name = "Hashlearn IOS";
			productName = "Hashlearn IOS";
			productReference = 6BBD4AD31CF44C6E007FAA52 /* Hashlearn IOS.app */;
			productType = "com.apple.product-type.application";
		};
/* End PBXNativeTarget section */

/* Begin PBXProject section */
		6BBD4ACB1CF44C6E007FAA52 /* Project object */ = {
			isa = PBXProject;
			attributes = {
				LastSwiftUpdateCheck = 0730;
				LastUpgradeCheck = 0730;
				ORGANIZATIONNAME = "Chirag Shenoy";
				TargetAttributes = {
					6BBD4AD21CF44C6E007FAA52 = {
						CreatedOnToolsVersion = 7.3.1;
					};
				};
			};
			buildConfigurationList = 6BBD4ACE1CF44C6E007FAA52 /* Build configuration list for PBXProject "Hashlearn IOS" */;
			compatibilityVersion = "Xcode 3.2";
			developmentRegion = English;
			hasScannedForEncodings = 0;
			knownRegions = (
				en,
				Base,
			);
			mainGroup = 6BBD4ACA1CF44C6E007FAA52;
			productRefGroup = 6BBD4AD41CF44C6E007FAA52 /* Products */;
			projectDirPath = "";
			projectRoot = "";
			targets = (
				6BBD4AD21CF44C6E007FAA52 /* Hashlearn IOS */,
			);
		};
/* End PBXProject section */

/* Begin PBXResourcesBuildPhase section */
		6BBD4AD11CF44C6E007FAA52 /* Resources */ = {
			isa = PBXResourcesBuildPhase;
			buildActionMask = 2147483647;
			files = (
				6BBD4AE11CF44C6E007FAA52 /* LaunchScreen.storyboard in Resources */,
				6BBD4ADE1CF44C6E007FAA52 /* Assets.xcassets in Resources */,
				6BBD4ADC1CF44C6E007FAA52 /* Main.storyboard in Resources */,
			);
			runOnlyForDeploymentPostprocessing = 0;
		};
/* End PBXResourcesBuildPhase section */

/* Begin PBXShellScriptBuildPhase section */
		36E8332740D5DFB0BAB1099E /* 📦 Check Pods Manifest.lock */ = {
			isa = PBXShellScriptBuildPhase;
			buildActionMask = 2147483647;
			files = (
			);
			inputPaths = (
			);
			name = "📦 Check Pods Manifest.lock";
			outputPaths = (
			);
			runOnlyForDeploymentPostprocessing = 0;
			shellPath = /bin/sh;
			shellScript = "diff \"${PODS_ROOT}/../Podfile.lock\" \"${PODS_ROOT}/Manifest.lock\" > /dev/null\nif [[ $? != 0 ]] ; then\n    cat << EOM\nerror: The sandbox is not in sync with the Podfile.lock. Run 'pod install' or update your CocoaPods installation.\nEOM\n    exit 1\nfi\n";
			showEnvVarsInLog = 0;
		};
		4DF28684DEC19FB6ACF548C2 /* 📦 Embed Pods Frameworks */ = {
			isa = PBXShellScriptBuildPhase;
			buildActionMask = 2147483647;
			files = (
			);
			inputPaths = (
			);
			name = "📦 Embed Pods Frameworks";
			outputPaths = (
			);
			runOnlyForDeploymentPostprocessing = 0;
			shellPath = /bin/sh;
			shellScript = "\"${SRCROOT}/Pods/Target Support Files/Pods-Hashlearn IOS/Pods-Hashlearn IOS-frameworks.sh\"\n";
			showEnvVarsInLog = 0;
		};
		50EC97B0078E1A96A92D4474 /* 📦 Copy Pods Resources */ = {
			isa = PBXShellScriptBuildPhase;
			buildActionMask = 2147483647;
			files = (
			);
			inputPaths = (
			);
			name = "📦 Copy Pods Resources";
			outputPaths = (
			);
			runOnlyForDeploymentPostprocessing = 0;
			shellPath = /bin/sh;
			shellScript = "\"${SRCROOT}/Pods/Target Support Files/Pods-Hashlearn IOS/Pods-Hashlearn IOS-resources.sh\"\n";
			showEnvVarsInLog = 0;
		};
/* End PBXShellScriptBuildPhase section */

/* Begin PBXSourcesBuildPhase section */
		6BBD4ACF1CF44C6E007FAA52 /* Sources */ = {
			isa = PBXSourcesBuildPhase;
			buildActionMask = 2147483647;
			files = (
				6BBD4AD91CF44C6E007FAA52 /* ViewController.swift in Sources */,
				6BBD4AD71CF44C6E007FAA52 /* AppDelegate.swift in Sources */,
				6B3274281CF45A6B000A926F /* IntroVC.swift in Sources */,
			);
			runOnlyForDeploymentPostprocessing = 0;
		};
/* End PBXSourcesBuildPhase section */

/* Begin PBXVariantGroup section */
		6BBD4ADA1CF44C6E007FAA52 /* Main.storyboard */ = {
			isa = PBXVariantGroup;
			children = (
				6BBD4ADB1CF44C6E007FAA52 /* Base */,
			);
			name = Main.storyboard;
			sourceTree = "<group>";
		};
		6BBD4ADF1CF44C6E007FAA52 /* LaunchScreen.storyboard */ = {
			isa = PBXVariantGroup;
			children = (
				6BBD4AE01CF44C6E007FAA52 /* Base */,
			);
			name = LaunchScreen.storyboard;
			sourceTree = "<group>";
		};
/* End PBXVariantGroup section */

/* Begin XCBuildConfiguration section */
		6BBD4AE31CF44C6E007FAA52 /* Debug */ = {
			isa = XCBuildConfiguration;
			buildSettings = {
				ALWAYS_SEARCH_USER_PATHS = NO;
				CLANG_ANALYZER_NONNULL = YES;
				CLANG_CXX_LANGUAGE_STANDARD = "gnu++0x";
				CLANG_CXX_LIBRARY = "libc++";
				CLANG_ENABLE_MODULES = YES;
				CLANG_ENABLE_OBJC_ARC = YES;
				CLANG_WARN_BOOL_CONVERSION = YES;
				CLANG_WARN_CONSTANT_CONVERSION = YES;
				CLANG_WARN_DIRECT_OBJC_ISA_USAGE = YES_ERROR;
				CLANG_WARN_EMPTY_BODY = YES;
				CLANG_WARN_ENUM_CONVERSION = YES;
				CLANG_WARN_INT_CONVERSION = YES;
				CLANG_WARN_OBJC_ROOT_CLASS = YES_ERROR;
				CLANG_WARN_UNREACHABLE_CODE = YES;
				CLANG_WARN__DUPLICATE_METHOD_MATCH = YES;
				"CODE_SIGN_IDENTITY[sdk=iphoneos*]" = "iPhone Developer";
				COPY_PHASE_STRIP = NO;
				DEBUG_INFORMATION_FORMAT = dwarf;
				ENABLE_STRICT_OBJC_MSGSEND = YES;
				ENABLE_TESTABILITY = YES;
				GCC_C_LANGUAGE_STANDARD = gnu99;
				GCC_DYNAMIC_NO_PIC = NO;
				GCC_NO_COMMON_BLOCKS = YES;
				GCC_OPTIMIZATION_LEVEL = 0;
				GCC_PREPROCESSOR_DEFINITIONS = (
					"DEBUG=1",
					"$(inherited)",
				);
				GCC_WARN_64_TO_32_BIT_CONVERSION = YES;
				GCC_WARN_ABOUT_RETURN_TYPE = YES_ERROR;
				GCC_WARN_UNDECLARED_SELECTOR = YES;
				GCC_WARN_UNINITIALIZED_AUTOS = YES_AGGRESSIVE;
				GCC_WARN_UNUSED_FUNCTION = YES;
				GCC_WARN_UNUSED_VARIABLE = YES;
				IPHONEOS_DEPLOYMENT_TARGET = 9.3;
				MTL_ENABLE_DEBUG_INFO = YES;
				ONLY_ACTIVE_ARCH = YES;
				SDKROOT = iphoneos;
				SWIFT_OPTIMIZATION_LEVEL = "-Onone";
			};
			name = Debug;
		};
		6BBD4AE41CF44C6E007FAA52 /* Release */ = {
			isa = XCBuildConfiguration;
			buildSettings = {
				ALWAYS_SEARCH_USER_PATHS = NO;
				CLANG_ANALYZER_NONNULL = YES;
				CLANG_CXX_LANGUAGE_STANDARD = "gnu++0x";
				CLANG_CXX_LIBRARY = "libc++";
				CLANG_ENABLE_MODULES = YES;
				CLANG_ENABLE_OBJC_ARC = YES;
				CLANG_WARN_BOOL_CONVERSION = YES;
				CLANG_WARN_CONSTANT_CONVERSION = YES;
				CLANG_WARN_DIRECT_OBJC_ISA_USAGE = YES_ERROR;
				CLANG_WARN_EMPTY_BODY = YES;
				CLANG_WARN_ENUM_CONVERSION = YES;
				CLANG_WARN_INT_CONVERSION = YES;
				CLANG_WARN_OBJC_ROOT_CLASS = YES_ERROR;
				CLANG_WARN_UNREACHABLE_CODE = YES;
				CLANG_WARN__DUPLICATE_METHOD_MATCH = YES;
				"CODE_SIGN_IDENTITY[sdk=iphoneos*]" = "iPhone Developer";
				COPY_PHASE_STRIP = NO;
				DEBUG_INFORMATION_FORMAT = "dwarf-with-dsym";
				ENABLE_NS_ASSERTIONS = NO;
				ENABLE_STRICT_OBJC_MSGSEND = YES;
				GCC_C_LANGUAGE_STANDARD = gnu99;
				GCC_NO_COMMON_BLOCKS = YES;
				GCC_WARN_64_TO_32_BIT_CONVERSION = YES;
				GCC_WARN_ABOUT_RETURN_TYPE = YES_ERROR;
				GCC_WARN_UNDECLARED_SELECTOR = YES;
				GCC_WARN_UNINITIALIZED_AUTOS = YES_AGGRESSIVE;
				GCC_WARN_UNUSED_FUNCTION = YES;
				GCC_WARN_UNUSED_VARIABLE = YES;
				IPHONEOS_DEPLOYMENT_TARGET = 9.3;
				MTL_ENABLE_DEBUG_INFO = NO;
				SDKROOT = iphoneos;
				VALIDATE_PRODUCT = YES;
			};
			name = Release;
		};
		6BBD4AE61CF44C6E007FAA52 /* Debug */ = {
			isa = XCBuildConfiguration;
			baseConfigurationReference = 8CFDC6D3DC37B01318604E27 /* Pods-Hashlearn IOS.debug.xcconfig */;
			buildSettings = {
				ASSETCATALOG_COMPILER_APPICON_NAME = AppIcon;
				INFOPLIST_FILE = "Hashlearn IOS/Info.plist";
				LD_RUNPATH_SEARCH_PATHS = "$(inherited) @executable_path/Frameworks";
				PRODUCT_BUNDLE_IDENTIFIER = "com.hashlearn.now.Hashlearn-IOS";
				PRODUCT_NAME = "$(TARGET_NAME)";
			};
			name = Debug;
		};
		6BBD4AE71CF44C6E007FAA52 /* Release */ = {
			isa = XCBuildConfiguration;
			baseConfigurationReference = 09074944976790200AB75C7A /* Pods-Hashlearn IOS.release.xcconfig */;
			buildSettings = {
				ASSETCATALOG_COMPILER_APPICON_NAME = AppIcon;
				INFOPLIST_FILE = "Hashlearn IOS/Info.plist";
				LD_RUNPATH_SEARCH_PATHS = "$(inherited) @executable_path/Frameworks";
				PRODUCT_BUNDLE_IDENTIFIER = "com.hashlearn.now.Hashlearn-IOS";
				PRODUCT_NAME = "$(TARGET_NAME)";
			};
			name = Release;
		};
/* End XCBuildConfiguration section */

/* Begin XCConfigurationList section */
		6BBD4ACE1CF44C6E007FAA52 /* Build configuration list for PBXProject "Hashlearn IOS" */ = {
			isa = XCConfigurationList;
			buildConfigurations = (
				6BBD4AE31CF44C6E007FAA52 /* Debug */,
				6BBD4AE41CF44C6E007FAA52 /* Release */,
			);
			defaultConfigurationIsVisible = 0;
			defaultConfigurationName = Release;
		};
		6BBD4AE51CF44C6E007FAA52 /* Build configuration list for PBXNativeTarget "Hashlearn IOS" */ = {
			isa = XCConfigurationList;
			buildConfigurations = (
				6BBD4AE61CF44C6E007FAA52 /* Debug */,
				6BBD4AE71CF44C6E007FAA52 /* Release */,
			);
			defaultConfigurationIsVisible = 0;
			defaultConfigurationName = Release;
		};
/* End XCConfigurationList section */
	};
	rootObject = 6BBD4ACB1CF44C6E007FAA52 /* Project object */;
}
